// !$*UTF8*$!
{
	archiveVersion = 1;
	classes = {
	};
	objectVersion = 46;
	objects = {

/* Begin PBXBuildFile section */
		9FF1329D47574B90AAB32D5F /* libPods.a in Frameworks */ = {isa = PBXBuildFile; fileRef = EA82588C7A4D451784C66E57 /* libPods.a */; };
		CB1BE889190BA32000221FC3 /* Foundation.framework in Frameworks */ = {isa = PBXBuildFile; fileRef = CB1BE888190BA32000221FC3 /* Foundation.framework */; };
		CB1BE88B190BA32000221FC3 /* CoreGraphics.framework in Frameworks */ = {isa = PBXBuildFile; fileRef = CB1BE88A190BA32000221FC3 /* CoreGraphics.framework */; };
		CB1BE88D190BA32000221FC3 /* UIKit.framework in Frameworks */ = {isa = PBXBuildFile; fileRef = CB1BE88C190BA32000221FC3 /* UIKit.framework */; };
		CB1BE893190BA32000221FC3 /* InfoPlist.strings in Resources */ = {isa = PBXBuildFile; fileRef = CB1BE891190BA32000221FC3 /* InfoPlist.strings */; };
		CB1BE895190BA32000221FC3 /* main.m in Sources */ = {isa = PBXBuildFile; fileRef = CB1BE894190BA32000221FC3 /* main.m */; };
		CB1BE899190BA32000221FC3 /* AppDelegate.m in Sources */ = {isa = PBXBuildFile; fileRef = CB1BE898190BA32000221FC3 /* AppDelegate.m */; };
		CB1BE8A4190BA32000221FC3 /* Images.xcassets in Resources */ = {isa = PBXBuildFile; fileRef = CB1BE8A3190BA32000221FC3 /* Images.xcassets */; };
		CB1BE8AB190BA32100221FC3 /* XCTest.framework in Frameworks */ = {isa = PBXBuildFile; fileRef = CB1BE8AA190BA32100221FC3 /* XCTest.framework */; };
		CB1BE8AC190BA32100221FC3 /* Foundation.framework in Frameworks */ = {isa = PBXBuildFile; fileRef = CB1BE888190BA32000221FC3 /* Foundation.framework */; };
		CB1BE8AD190BA32100221FC3 /* UIKit.framework in Frameworks */ = {isa = PBXBuildFile; fileRef = CB1BE88C190BA32000221FC3 /* UIKit.framework */; };
		CB1BE8B5190BA32100221FC3 /* InfoPlist.strings in Resources */ = {isa = PBXBuildFile; fileRef = CB1BE8B3190BA32100221FC3 /* InfoPlist.strings */; };
		CB1BE8B7190BA32100221FC3 /* OpenVoteTests.m in Sources */ = {isa = PBXBuildFile; fileRef = CB1BE8B6190BA32100221FC3 /* OpenVoteTests.m */; };
		CB1BE8C3190BAC4B00221FC3 /* VoteViewController.m in Sources */ = {isa = PBXBuildFile; fileRef = CB1BE8C1190BAC4B00221FC3 /* VoteViewController.m */; };
		CB1BE8C4190BAC4B00221FC3 /* VoteViewController.xib in Resources */ = {isa = PBXBuildFile; fileRef = CB1BE8C2190BAC4B00221FC3 /* VoteViewController.xib */; };
		CB9EA643190BB96F0038E012 /* images-1.jpeg in Resources */ = {isa = PBXBuildFile; fileRef = CB9EA641190BB96F0038E012 /* images-1.jpeg */; };
		CB9EA644190BB96F0038E012 /* images_2.jpg in Resources */ = {isa = PBXBuildFile; fileRef = CB9EA642190BB96F0038E012 /* images_2.jpg */; };
		CB9EA64A190BDE600038E012 /* candidate.json in Resources */ = {isa = PBXBuildFile; fileRef = CB9EA646190BDE600038E012 /* candidate.json */; };
		CB9EA64B190BDE600038E012 /* captain_america.jpg in Resources */ = {isa = PBXBuildFile; fileRef = CB9EA648190BDE600038E012 /* captain_america.jpg */; };
		CB9EA64C190BDE600038E012 /* winter_soilder.jpg in Resources */ = {isa = PBXBuildFile; fileRef = CB9EA649190BDE600038E012 /* winter_soilder.jpg */; };
/* End PBXBuildFile section */

/* Begin PBXContainerItemProxy section */
		CB1BE8AE190BA32100221FC3 /* PBXContainerItemProxy */ = {
			isa = PBXContainerItemProxy;
			containerPortal = CB1BE87D190BA32000221FC3 /* Project object */;
			proxyType = 1;
			remoteGlobalIDString = CB1BE884190BA32000221FC3;
			remoteInfo = OpenVote;
		};
/* End PBXContainerItemProxy section */

/* Begin PBXFileReference section */
		CB1BE885190BA32000221FC3 /* OpenVote.app */ = {isa = PBXFileReference; explicitFileType = wrapper.application; includeInIndex = 0; path = OpenVote.app; sourceTree = BUILT_PRODUCTS_DIR; };
		CB1BE888190BA32000221FC3 /* Foundation.framework */ = {isa = PBXFileReference; lastKnownFileType = wrapper.framework; name = Foundation.framework; path = System/Library/Frameworks/Foundation.framework; sourceTree = SDKROOT; };
		CB1BE88A190BA32000221FC3 /* CoreGraphics.framework */ = {isa = PBXFileReference; lastKnownFileType = wrapper.framework; name = CoreGraphics.framework; path = System/Library/Frameworks/CoreGraphics.framework; sourceTree = SDKROOT; };
		CB1BE88C190BA32000221FC3 /* UIKit.framework */ = {isa = PBXFileReference; lastKnownFileType = wrapper.framework; name = UIKit.framework; path = System/Library/Frameworks/UIKit.framework; sourceTree = SDKROOT; };
		CB1BE890190BA32000221FC3 /* OpenVote-Info.plist */ = {isa = PBXFileReference; lastKnownFileType = text.plist.xml; path = "OpenVote-Info.plist"; sourceTree = "<group>"; };
		CB1BE892190BA32000221FC3 /* en */ = {isa = PBXFileReference; lastKnownFileType = text.plist.strings; name = en; path = en.lproj/InfoPlist.strings; sourceTree = "<group>"; };
		CB1BE894190BA32000221FC3 /* main.m */ = {isa = PBXFileReference; lastKnownFileType = sourcecode.c.objc; path = main.m; sourceTree = "<group>"; };
		CB1BE896190BA32000221FC3 /* OpenVote-Prefix.pch */ = {isa = PBXFileReference; lastKnownFileType = sourcecode.c.h; path = "OpenVote-Prefix.pch"; sourceTree = "<group>"; };
		CB1BE897190BA32000221FC3 /* AppDelegate.h */ = {isa = PBXFileReference; lastKnownFileType = sourcecode.c.h; path = AppDelegate.h; sourceTree = "<group>"; };
		CB1BE898190BA32000221FC3 /* AppDelegate.m */ = {isa = PBXFileReference; lastKnownFileType = sourcecode.c.objc; path = AppDelegate.m; sourceTree = "<group>"; };
		CB1BE8A3190BA32000221FC3 /* Images.xcassets */ = {isa = PBXFileReference; lastKnownFileType = folder.assetcatalog; path = Images.xcassets; sourceTree = "<group>"; };
		CB1BE8A9190BA32100221FC3 /* OpenVoteTests.xctest */ = {isa = PBXFileReference; explicitFileType = wrapper.cfbundle; includeInIndex = 0; path = OpenVoteTests.xctest; sourceTree = BUILT_PRODUCTS_DIR; };
		CB1BE8AA190BA32100221FC3 /* XCTest.framework */ = {isa = PBXFileReference; lastKnownFileType = wrapper.framework; name = XCTest.framework; path = Library/Frameworks/XCTest.framework; sourceTree = DEVELOPER_DIR; };
		CB1BE8B2190BA32100221FC3 /* OpenVoteTests-Info.plist */ = {isa = PBXFileReference; lastKnownFileType = text.plist.xml; path = "OpenVoteTests-Info.plist"; sourceTree = "<group>"; };
		CB1BE8B4190BA32100221FC3 /* en */ = {isa = PBXFileReference; lastKnownFileType = text.plist.strings; name = en; path = en.lproj/InfoPlist.strings; sourceTree = "<group>"; };
		CB1BE8B6190BA32100221FC3 /* OpenVoteTests.m */ = {isa = PBXFileReference; lastKnownFileType = sourcecode.c.objc; path = OpenVoteTests.m; sourceTree = "<group>"; };
		CB1BE8C0190BAC4B00221FC3 /* VoteViewController.h */ = {isa = PBXFileReference; fileEncoding = 4; lastKnownFileType = sourcecode.c.h; path = VoteViewController.h; sourceTree = "<group>"; };
		CB1BE8C1190BAC4B00221FC3 /* VoteViewController.m */ = {isa = PBXFileReference; fileEncoding = 4; lastKnownFileType = sourcecode.c.objc; path = VoteViewController.m; sourceTree = "<group>"; };
		CB1BE8C2190BAC4B00221FC3 /* VoteViewController.xib */ = {isa = PBXFileReference; fileEncoding = 4; lastKnownFileType = file.xib; path = VoteViewController.xib; sourceTree = "<group>"; };
		CB9EA641190BB96F0038E012 /* images-1.jpeg */ = {isa = PBXFileReference; lastKnownFileType = image.jpeg; path = "images-1.jpeg"; sourceTree = "<group>"; };
		CB9EA642190BB96F0038E012 /* images_2.jpg */ = {isa = PBXFileReference; lastKnownFileType = image.jpeg; path = images_2.jpg; sourceTree = "<group>"; };
		CB9EA646190BDE600038E012 /* candidate.json */ = {isa = PBXFileReference; fileEncoding = 4; lastKnownFileType = text.json; path = candidate.json; sourceTree = "<group>"; };
		CB9EA648190BDE600038E012 /* captain_america.jpg */ = {isa = PBXFileReference; lastKnownFileType = image.jpeg; path = captain_america.jpg; sourceTree = "<group>"; };
		CB9EA649190BDE600038E012 /* winter_soilder.jpg */ = {isa = PBXFileReference; lastKnownFileType = image.jpeg; path = winter_soilder.jpg; sourceTree = "<group>"; };
		EA82588C7A4D451784C66E57 /* libPods.a */ = {isa = PBXFileReference; explicitFileType = archive.ar; includeInIndex = 0; path = libPods.a; sourceTree = BUILT_PRODUCTS_DIR; };
		F8D557969DA347708B50C67D /* Pods.xcconfig */ = {isa = PBXFileReference; includeInIndex = 1; lastKnownFileType = text.xcconfig; name = Pods.xcconfig; path = ../Pods/Pods.xcconfig; sourceTree = "<group>"; };
/* End PBXFileReference section */

/* Begin PBXFrameworksBuildPhase section */
		CB1BE882190BA32000221FC3 /* Frameworks */ = {
			isa = PBXFrameworksBuildPhase;
			buildActionMask = 2147483647;
			files = (
				CB1BE88B190BA32000221FC3 /* CoreGraphics.framework in Frameworks */,
				CB1BE88D190BA32000221FC3 /* UIKit.framework in Frameworks */,
				CB1BE889190BA32000221FC3 /* Foundation.framework in Frameworks */,
				9FF1329D47574B90AAB32D5F /* libPods.a in Frameworks */,
			);
			runOnlyForDeploymentPostprocessing = 0;
		};
		CB1BE8A6190BA32100221FC3 /* Frameworks */ = {
			isa = PBXFrameworksBuildPhase;
			buildActionMask = 2147483647;
			files = (
				CB1BE8AB190BA32100221FC3 /* XCTest.framework in Frameworks */,
				CB1BE8AD190BA32100221FC3 /* UIKit.framework in Frameworks */,
				CB1BE8AC190BA32100221FC3 /* Foundation.framework in Frameworks */,
			);
			runOnlyForDeploymentPostprocessing = 0;
		};
/* End PBXFrameworksBuildPhase section */

/* Begin PBXGroup section */
		CB1BE87C190BA32000221FC3 = {
			isa = PBXGroup;
			children = (
				CB1BE88E190BA32000221FC3 /* OpenVote */,
				CB1BE8B0190BA32100221FC3 /* OpenVoteTests */,
				CB1BE887190BA32000221FC3 /* Frameworks */,
				CB1BE886190BA32000221FC3 /* Products */,
				F8D557969DA347708B50C67D /* Pods.xcconfig */,
			);
			sourceTree = "<group>";
		};
		CB1BE886190BA32000221FC3 /* Products */ = {
			isa = PBXGroup;
			children = (
				CB1BE885190BA32000221FC3 /* OpenVote.app */,
				CB1BE8A9190BA32100221FC3 /* OpenVoteTests.xctest */,
			);
			name = Products;
			sourceTree = "<group>";
		};
		CB1BE887190BA32000221FC3 /* Frameworks */ = {
			isa = PBXGroup;
			children = (
				CB1BE888190BA32000221FC3 /* Foundation.framework */,
				CB1BE88A190BA32000221FC3 /* CoreGraphics.framework */,
				CB1BE88C190BA32000221FC3 /* UIKit.framework */,
				CB1BE8AA190BA32100221FC3 /* XCTest.framework */,
				EA82588C7A4D451784C66E57 /* libPods.a */,
			);
			name = Frameworks;
			sourceTree = "<group>";
		};
		CB1BE88E190BA32000221FC3 /* OpenVote */ = {
			isa = PBXGroup;
			children = (
				CB1BE897190BA32000221FC3 /* AppDelegate.h */,
				CB1BE898190BA32000221FC3 /* AppDelegate.m */,
				CB1BE8C0190BAC4B00221FC3 /* VoteViewController.h */,
				CB1BE8C1190BAC4B00221FC3 /* VoteViewController.m */,
				CB1BE8C2190BAC4B00221FC3 /* VoteViewController.xib */,
				CB1BE8A3190BA32000221FC3 /* Images.xcassets */,
				CB9EA640190BB96F0038E012 /* Resource */,
				CB9EA645190BDE600038E012 /* JsonDummy */,
				CB1BE88F190BA32000221FC3 /* Supporting Files */,
			);
			path = OpenVote;
			sourceTree = "<group>";
		};
		CB1BE88F190BA32000221FC3 /* Supporting Files */ = {
			isa = PBXGroup;
			children = (
				CB1BE890190BA32000221FC3 /* OpenVote-Info.plist */,
				CB1BE891190BA32000221FC3 /* InfoPlist.strings */,
				CB1BE894190BA32000221FC3 /* main.m */,
				CB1BE896190BA32000221FC3 /* OpenVote-Prefix.pch */,
			);
			name = "Supporting Files";
			sourceTree = "<group>";
		};
		CB1BE8B0190BA32100221FC3 /* OpenVoteTests */ = {
			isa = PBXGroup;
			children = (
				CB1BE8B6190BA32100221FC3 /* OpenVoteTests.m */,
				CB1BE8B1190BA32100221FC3 /* Supporting Files */,
			);
			path = OpenVoteTests;
			sourceTree = "<group>";
		};
		CB1BE8B1190BA32100221FC3 /* Supporting Files */ = {
			isa = PBXGroup;
			children = (
				CB1BE8B2190BA32100221FC3 /* OpenVoteTests-Info.plist */,
				CB1BE8B3190BA32100221FC3 /* InfoPlist.strings */,
			);
			name = "Supporting Files";
			sourceTree = "<group>";
		};
		CB9EA640190BB96F0038E012 /* Resource */ = {
			isa = PBXGroup;
			children = (
				CB9EA641190BB96F0038E012 /* images-1.jpeg */,
				CB9EA642190BB96F0038E012 /* images_2.jpg */,
			);
			path = Resource;
			sourceTree = "<group>";
		};
		CB9EA645190BDE600038E012 /* JsonDummy */ = {
			isa = PBXGroup;
			children = (
				CB9EA646190BDE600038E012 /* candidate.json */,
				CB9EA647190BDE600038E012 /* content */,
			);
			name = JsonDummy;
			path = "../../Json Dummy";
			sourceTree = "<group>";
		};
		CB9EA647190BDE600038E012 /* content */ = {
			isa = PBXGroup;
			children = (
				CB9EA648190BDE600038E012 /* captain_america.jpg */,
				CB9EA649190BDE600038E012 /* winter_soilder.jpg */,
			);
			path = content;
			sourceTree = "<group>";
		};
/* End PBXGroup section */

/* Begin PBXNativeTarget section */
		CB1BE884190BA32000221FC3 /* OpenVote */ = {
			isa = PBXNativeTarget;
			buildConfigurationList = CB1BE8BA190BA32100221FC3 /* Build configuration list for PBXNativeTarget "OpenVote" */;
			buildPhases = (
				2F3107AF4D774AC9AD43B5EB /* Check Pods Manifest.lock */,
				CB1BE881190BA32000221FC3 /* Sources */,
				CB1BE882190BA32000221FC3 /* Frameworks */,
				CB1BE883190BA32000221FC3 /* Resources */,
				5F3E87830D2E4FE982C7FE4E /* Copy Pods Resources */,
			);
			buildRules = (
			);
			dependencies = (
			);
			name = OpenVote;
			productName = OpenVote;
			productReference = CB1BE885190BA32000221FC3 /* OpenVote.app */;
			productType = "com.apple.product-type.application";
		};
		CB1BE8A8190BA32100221FC3 /* OpenVoteTests */ = {
			isa = PBXNativeTarget;
			buildConfigurationList = CB1BE8BD190BA32100221FC3 /* Build configuration list for PBXNativeTarget "OpenVoteTests" */;
			buildPhases = (
				CB1BE8A5190BA32100221FC3 /* Sources */,
				CB1BE8A6190BA32100221FC3 /* Frameworks */,
				CB1BE8A7190BA32100221FC3 /* Resources */,
			);
			buildRules = (
			);
			dependencies = (
				CB1BE8AF190BA32100221FC3 /* PBXTargetDependency */,
			);
			name = OpenVoteTests;
			productName = OpenVoteTests;
			productReference = CB1BE8A9190BA32100221FC3 /* OpenVoteTests.xctest */;
			productType = "com.apple.product-type.bundle.unit-test";
		};
/* End PBXNativeTarget section */

/* Begin PBXProject section */
		CB1BE87D190BA32000221FC3 /* Project object */ = {
			isa = PBXProject;
			attributes = {
				LastUpgradeCheck = 0510;
				ORGANIZATIONNAME = "Open Source Hong Kong";
				TargetAttributes = {
					CB1BE8A8190BA32100221FC3 = {
						TestTargetID = CB1BE884190BA32000221FC3;
					};
				};
			};
			buildConfigurationList = CB1BE880190BA32000221FC3 /* Build configuration list for PBXProject "OpenVote" */;
			compatibilityVersion = "Xcode 3.2";
			developmentRegion = English;
			hasScannedForEncodings = 0;
			knownRegions = (
				en,
				Base,
			);
			mainGroup = CB1BE87C190BA32000221FC3;
			productRefGroup = CB1BE886190BA32000221FC3 /* Products */;
			projectDirPath = "";
			projectRoot = "";
			targets = (
				CB1BE884190BA32000221FC3 /* OpenVote */,
				CB1BE8A8190BA32100221FC3 /* OpenVoteTests */,
			);
		};
/* End PBXProject section */

/* Begin PBXResourcesBuildPhase section */
		CB1BE883190BA32000221FC3 /* Resources */ = {
			isa = PBXResourcesBuildPhase;
			buildActionMask = 2147483647;
			files = (
				CB1BE8A4190BA32000221FC3 /* Images.xcassets in Resources */,
				CB9EA64A190BDE600038E012 /* candidate.json in Resources */,
				CB9EA643190BB96F0038E012 /* images-1.jpeg in Resources */,
				CB9EA64C190BDE600038E012 /* winter_soilder.jpg in Resources */,
				CB9EA644190BB96F0038E012 /* images_2.jpg in Resources */,
				CB1BE8C4190BAC4B00221FC3 /* VoteViewController.xib in Resources */,
				CB9EA64B190BDE600038E012 /* captain_america.jpg in Resources */,
				CB1BE893190BA32000221FC3 /* InfoPlist.strings in Resources */,
			);
			runOnlyForDeploymentPostprocessing = 0;
		};
		CB1BE8A7190BA32100221FC3 /* Resources */ = {
			isa = PBXResourcesBuildPhase;
			buildActionMask = 2147483647;
			files = (
				CB1BE8B5190BA32100221FC3 /* InfoPlist.strings in Resources */,
			);
			runOnlyForDeploymentPostprocessing = 0;
		};
/* End PBXResourcesBuildPhase section */

/* Begin PBXShellScriptBuildPhase section */
		2F3107AF4D774AC9AD43B5EB /* Check Pods Manifest.lock */ = {
			isa = PBXShellScriptBuildPhase;
			buildActionMask = 2147483647;
			files = (
			);
			inputPaths = (
			);
			name = "Check Pods Manifest.lock";
			outputPaths = (
			);
			runOnlyForDeploymentPostprocessing = 0;
			shellPath = /bin/sh;
			shellScript = "diff \"${PODS_ROOT}/../Podfile.lock\" \"${PODS_ROOT}/Manifest.lock\" > /dev/null\nif [[ $? != 0 ]] ; then\n    cat << EOM\nerror: The sandbox is not in sync with the Podfile.lock. Run 'pod install' or update your CocoaPods installation.\nEOM\n    exit 1\nfi\n";
			showEnvVarsInLog = 0;
		};
		5F3E87830D2E4FE982C7FE4E /* Copy Pods Resources */ = {
			isa = PBXShellScriptBuildPhase;
			buildActionMask = 2147483647;
			files = (
			);
			inputPaths = (
			);
			name = "Copy Pods Resources";
			outputPaths = (
			);
			runOnlyForDeploymentPostprocessing = 0;
			shellPath = /bin/sh;
			shellScript = "\"${SRCROOT}/../Pods/Pods-resources.sh\"\n";
			showEnvVarsInLog = 0;
		};
/* End PBXShellScriptBuildPhase section */

/* Begin PBXSourcesBuildPhase section */
		CB1BE881190BA32000221FC3 /* Sources */ = {
			isa = PBXSourcesBuildPhase;
			buildActionMask = 2147483647;
			files = (
				CB1BE8C3190BAC4B00221FC3 /* VoteViewController.m in Sources */,
				CB1BE899190BA32000221FC3 /* AppDelegate.m in Sources */,
				CB1BE895190BA32000221FC3 /* main.m in Sources */,
			);
			runOnlyForDeploymentPostprocessing = 0;
		};
		CB1BE8A5190BA32100221FC3 /* Sources */ = {
			isa = PBXSourcesBuildPhase;
			buildActionMask = 2147483647;
			files = (
				CB1BE8B7190BA32100221FC3 /* OpenVoteTests.m in Sources */,
			);
			runOnlyForDeploymentPostprocessing = 0;
		};
/* End PBXSourcesBuildPhase section */

/* Begin PBXTargetDependency section */
		CB1BE8AF190BA32100221FC3 /* PBXTargetDependency */ = {
			isa = PBXTargetDependency;
			target = CB1BE884190BA32000221FC3 /* OpenVote */;
			targetProxy = CB1BE8AE190BA32100221FC3 /* PBXContainerItemProxy */;
		};
/* End PBXTargetDependency section */

/* Begin PBXVariantGroup section */
		CB1BE891190BA32000221FC3 /* InfoPlist.strings */ = {
			isa = PBXVariantGroup;
			children = (
				CB1BE892190BA32000221FC3 /* en */,
			);
			name = InfoPlist.strings;
			sourceTree = "<group>";
		};
		CB1BE8B3190BA32100221FC3 /* InfoPlist.strings */ = {
			isa = PBXVariantGroup;
			children = (
				CB1BE8B4190BA32100221FC3 /* en */,
			);
			name = InfoPlist.strings;
			sourceTree = "<group>";
		};
/* End PBXVariantGroup section */

/* Begin XCBuildConfiguration section */
		CB1BE8B8190BA32100221FC3 /* Debug */ = {
			isa = XCBuildConfiguration;
			buildSettings = {
				ALWAYS_SEARCH_USER_PATHS = NO;
				CLANG_CXX_LANGUAGE_STANDARD = "gnu++0x";
				CLANG_CXX_LIBRARY = "libc++";
				CLANG_ENABLE_MODULES = YES;
				CLANG_ENABLE_OBJC_ARC = YES;
				CLANG_WARN_BOOL_CONVERSION = YES;
				CLANG_WARN_CONSTANT_CONVERSION = YES;
				CLANG_WARN_DIRECT_OBJC_ISA_USAGE = YES_ERROR;
				CLANG_WARN_EMPTY_BODY = YES;
				CLANG_WARN_ENUM_CONVERSION = YES;
				CLANG_WARN_INT_CONVERSION = YES;
				CLANG_WARN_OBJC_ROOT_CLASS = YES_ERROR;
				CLANG_WARN__DUPLICATE_METHOD_MATCH = YES;
				"CODE_SIGN_IDENTITY[sdk=iphoneos*]" = "iPhone Developer";
				COPY_PHASE_STRIP = NO;
				GCC_C_LANGUAGE_STANDARD = gnu99;
				GCC_DYNAMIC_NO_PIC = NO;
				GCC_OPTIMIZATION_LEVEL = 0;
				GCC_PREPROCESSOR_DEFINITIONS = (
					"DEBUG=1",
					"$(inherited)",
				);
				GCC_SYMBOLS_PRIVATE_EXTERN = NO;
				GCC_WARN_64_TO_32_BIT_CONVERSION = YES;
				GCC_WARN_ABOUT_RETURN_TYPE = YES_ERROR;
				GCC_WARN_UNDECLARED_SELECTOR = YES;
				GCC_WARN_UNINITIALIZED_AUTOS = YES_AGGRESSIVE;
				GCC_WARN_UNUSED_FUNCTION = YES;
				GCC_WARN_UNUSED_VARIABLE = YES;
				IPHONEOS_DEPLOYMENT_TARGET = 7.1;
				ONLY_ACTIVE_ARCH = YES;
				SDKROOT = iphoneos;
				TARGETED_DEVICE_FAMILY = "1,2";
			};
			name = Debug;
		};
		CB1BE8B9190BA32100221FC3 /* Release */ = {
			isa = XCBuildConfiguration;
			buildSettings = {
				ALWAYS_SEARCH_USER_PATHS = NO;
				CLANG_CXX_LANGUAGE_STANDARD = "gnu++0x";
				CLANG_CXX_LIBRARY = "libc++";
				CLANG_ENABLE_MODULES = YES;
				CLANG_ENABLE_OBJC_ARC = YES;
				CLANG_WARN_BOOL_CONVERSION = YES;
				CLANG_WARN_CONSTANT_CONVERSION = YES;
				CLANG_WARN_DIRECT_OBJC_ISA_USAGE = YES_ERROR;
				CLANG_WARN_EMPTY_BODY = YES;
				CLANG_WARN_ENUM_CONVERSION = YES;
				CLANG_WARN_INT_CONVERSION = YES;
				CLANG_WARN_OBJC_ROOT_CLASS = YES_ERROR;
				CLANG_WARN__DUPLICATE_METHOD_MATCH = YES;
				"CODE_SIGN_IDENTITY[sdk=iphoneos*]" = "iPhone Developer";
				COPY_PHASE_STRIP = YES;
				ENABLE_NS_ASSERTIONS = NO;
				GCC_C_LANGUAGE_STANDARD = gnu99;
				GCC_WARN_64_TO_32_BIT_CONVERSION = YES;
				GCC_WARN_ABOUT_RETURN_TYPE = YES_ERROR;
				GCC_WARN_UNDECLARED_SELECTOR = YES;
				GCC_WARN_UNINITIALIZED_AUTOS = YES_AGGRESSIVE;
				GCC_WARN_UNUSED_FUNCTION = YES;
				GCC_WARN_UNUSED_VARIABLE = YES;
				IPHONEOS_DEPLOYMENT_TARGET = 7.1;
				SDKROOT = iphoneos;
				TARGETED_DEVICE_FAMILY = "1,2";
				VALIDATE_PRODUCT = YES;
			};
			name = Release;
		};
		CB1BE8BB190BA32100221FC3 /* Debug */ = {
			isa = XCBuildConfiguration;
			baseConfigurationReference = F8D557969DA347708B50C67D /* Pods.xcconfig */;
			buildSettings = {
				ASSETCATALOG_COMPILER_APPICON_NAME = AppIcon;
				ASSETCATALOG_COMPILER_LAUNCHIMAGE_NAME = LaunchImage;
				CLANG_ENABLE_OBJC_ARC = NO;
				GCC_PRECOMPILE_PREFIX_HEADER = YES;
				GCC_PREFIX_HEADER = "OpenVote/OpenVote-Prefix.pch";
				INFOPLIST_FILE = "OpenVote/OpenVote-Info.plist";
				PRODUCT_NAME = "$(TARGET_NAME)";
				WRAPPER_EXTENSION = app;
			};
			name = Debug;
		};
		CB1BE8BC190BA32100221FC3 /* Release */ = {
			isa = XCBuildConfiguration;
			baseConfigurationReference = F8D557969DA347708B50C67D /* Pods.xcconfig */;
			buildSettings = {
				ASSETCATALOG_COMPILER_APPICON_NAME = AppIcon;
				ASSETCATALOG_COMPILER_LAUNCHIMAGE_NAME = LaunchImage;
				CLANG_ENABLE_OBJC_ARC = NO;
				GCC_PRECOMPILE_PREFIX_HEADER = YES;
				GCC_PREFIX_HEADER = "OpenVote/OpenVote-Prefix.pch";
				INFOPLIST_FILE = "OpenVote/OpenVote-Info.plist";
				PRODUCT_NAME = "$(TARGET_NAME)";
				WRAPPER_EXTENSION = app;
			};
			name = Release;
		};
		CB1BE8BE190BA32100221FC3 /* Debug */ = {
			isa = XCBuildConfiguration;
			buildSettings = {
				BUNDLE_LOADER = "$(BUILT_PRODUCTS_DIR)/OpenVote.app/OpenVote";
				FRAMEWORK_SEARCH_PATHS = (
					"$(SDKROOT)/Developer/Library/Frameworks",
					"$(inherited)",
					"$(DEVELOPER_FRAMEWORKS_DIR)",
				);
				GCC_PRECOMPILE_PREFIX_HEADER = YES;
				GCC_PREFIX_HEADER = "OpenVote/OpenVote-Prefix.pch";
				GCC_PREPROCESSOR_DEFINITIONS = (
					"DEBUG=1",
					"$(inherited)",
				);
				INFOPLIST_FILE = "OpenVoteTests/OpenVoteTests-Info.plist";
				PRODUCT_NAME = "$(TARGET_NAME)";
				TEST_HOST = "$(BUNDLE_LOADER)";
				WRAPPER_EXTENSION = xctest;
			};
			name = Debug;
		};
		CB1BE8BF190BA32100221FC3 /* Release */ = {
			isa = XCBuildConfiguration;
			buildSettings = {
				BUNDLE_LOADER = "$(BUILT_PRODUCTS_DIR)/OpenVote.app/OpenVote";
				FRAMEWORK_SEARCH_PATHS = (
					"$(SDKROOT)/Developer/Library/Frameworks",
					"$(inherited)",
					"$(DEVELOPER_FRAMEWORKS_DIR)",
				);
				GCC_PRECOMPILE_PREFIX_HEADER = YES;
				GCC_PREFIX_HEADER = "OpenVote/OpenVote-Prefix.pch";
				INFOPLIST_FILE = "OpenVoteTests/OpenVoteTests-Info.plist";
				PRODUCT_NAME = "$(TARGET_NAME)";
				TEST_HOST = "$(BUNDLE_LOADER)";
				WRAPPER_EXTENSION = xctest;
			};
			name = Release;
		};
/* End XCBuildConfiguration section */

/* Begin XCConfigurationList section */
		CB1BE880190BA32000221FC3 /* Build configuration list for PBXProject "OpenVote" */ = {
			isa = XCConfigurationList;
			buildConfigurations = (
				CB1BE8B8190BA32100221FC3 /* Debug */,
				CB1BE8B9190BA32100221FC3 /* Release */,
			);
			defaultConfigurationIsVisible = 0;
			defaultConfigurationName = Release;
		};
		CB1BE8BA190BA32100221FC3 /* Build configuration list for PBXNativeTarget "OpenVote" */ = {
			isa = XCConfigurationList;
			buildConfigurations = (
				CB1BE8BB190BA32100221FC3 /* Debug */,
				CB1BE8BC190BA32100221FC3 /* Release */,
			);
			defaultConfigurationIsVisible = 0;
			defaultConfigurationName = Release;
		};
		CB1BE8BD190BA32100221FC3 /* Build configuration list for PBXNativeTarget "OpenVoteTests" */ = {
			isa = XCConfigurationList;
			buildConfigurations = (
				CB1BE8BE190BA32100221FC3 /* Debug */,
				CB1BE8BF190BA32100221FC3 /* Release */,
			);
			defaultConfigurationIsVisible = 0;
			defaultConfigurationName = Release;
		};
/* End XCConfigurationList section */
	};
	rootObject = CB1BE87D190BA32000221FC3 /* Project object */;
}
